// !$*UTF8*$!
{
	archiveVersion = 1;
	classes = {
	};
	objectVersion = 50;
	objects = {

/* Begin PBXBuildFile section */
		927D4C412636CE5300FC814F /* AppDelegate.swift in Sources */ = {isa = PBXBuildFile; fileRef = 927D4C402636CE5300FC814F /* AppDelegate.swift */; };
		927D4C432636CE5300FC814F /* SceneDelegate.swift in Sources */ = {isa = PBXBuildFile; fileRef = 927D4C422636CE5300FC814F /* SceneDelegate.swift */; };
		927D4C452636CE5300FC814F /* ViewController.swift in Sources */ = {isa = PBXBuildFile; fileRef = 927D4C442636CE5300FC814F /* ViewController.swift */; };
		927D4C482636CE5300FC814F /* Main.storyboard in Resources */ = {isa = PBXBuildFile; fileRef = 927D4C462636CE5300FC814F /* Main.storyboard */; };
		927D4C4A2636CE5500FC814F /* Assets.xcassets in Resources */ = {isa = PBXBuildFile; fileRef = 927D4C492636CE5500FC814F /* Assets.xcassets */; };
		927D4C4D2636CE5500FC814F /* LaunchScreen.storyboard in Resources */ = {isa = PBXBuildFile; fileRef = 927D4C4B2636CE5500FC814F /* LaunchScreen.storyboard */; };
		927D4C562636CEA400FC814F /* WalkThroughViewController.swift in Sources */ = {isa = PBXBuildFile; fileRef = 927D4C552636CEA400FC814F /* WalkThroughViewController.swift */; };
/* End PBXBuildFile section */

/* Begin PBXFileReference section */
		927D4C3D2636CE5300FC814F /* iWalkThrough.app */ = {isa = PBXFileReference; explicitFileType = wrapper.application; includeInIndex = 0; path = iWalkThrough.app; sourceTree = BUILT_PRODUCTS_DIR; };
		927D4C402636CE5300FC814F /* AppDelegate.swift */ = {isa = PBXFileReference; lastKnownFileType = sourcecode.swift; path = AppDelegate.swift; sourceTree = "<group>"; };
		927D4C422636CE5300FC814F /* SceneDelegate.swift */ = {isa = PBXFileReference; lastKnownFileType = sourcecode.swift; path = SceneDelegate.swift; sourceTree = "<group>"; };
		927D4C442636CE5300FC814F /* ViewController.swift */ = {isa = PBXFileReference; lastKnownFileType = sourcecode.swift; path = ViewController.swift; sourceTree = "<group>"; };
		927D4C472636CE5300FC814F /* Base */ = {isa = PBXFileReference; lastKnownFileType = file.storyboard; name = Base; path = Base.lproj/Main.storyboard; sourceTree = "<group>"; };
		927D4C492636CE5500FC814F /* Assets.xcassets */ = {isa = PBXFileReference; lastKnownFileType = folder.assetcatalog; path = Assets.xcassets; sourceTree = "<group>"; };
		927D4C4C2636CE5500FC814F /* Base */ = {isa = PBXFileReference; lastKnownFileType = file.storyboard; name = Base; path = Base.lproj/LaunchScreen.storyboard; sourceTree = "<group>"; };
		927D4C4E2636CE5500FC814F /* Info.plist */ = {isa = PBXFileReference; lastKnownFileType = text.plist.xml; path = Info.plist; sourceTree = "<group>"; };
		927D4C552636CEA400FC814F /* WalkThroughViewController.swift */ = {isa = PBXFileReference; lastKnownFileType = sourcecode.swift; path = WalkThroughViewController.swift; sourceTree = "<group>"; };
/* End PBXFileReference section */

/* Begin PBXFrameworksBuildPhase section */
		927D4C3A2636CE5300FC814F /* Frameworks */ = {
			isa = PBXFrameworksBuildPhase;
			buildActionMask = 2147483647;
			files = (
			);
			runOnlyForDeploymentPostprocessing = 0;
		};
/* End PBXFrameworksBuildPhase section */

/* Begin PBXGroup section */
		927D4C342636CE5300FC814F = {
			isa = PBXGroup;
			children = (
				927D4C3F2636CE5300FC814F /* iWalkThrough */,
				927D4C3E2636CE5300FC814F /* Products */,
			);
			sourceTree = "<group>";
		};
		927D4C3E2636CE5300FC814F /* Products */ = {
			isa = PBXGroup;
			children = (
				927D4C3D2636CE5300FC814F /* iWalkThrough.app */,
			);
			name = Products;
			sourceTree = "<group>";
		};
		927D4C3F2636CE5300FC814F /* iWalkThrough */ = {
			isa = PBXGroup;
			children = (
				927D4C402636CE5300FC814F /* AppDelegate.swift */,
				927D4C422636CE5300FC814F /* SceneDelegate.swift */,
				927D4C442636CE5300FC814F /* ViewController.swift */,
				927D4C462636CE5300FC814F /* Main.storyboard */,
				927D4C552636CEA400FC814F /* WalkThroughViewController.swift */,
				927D4C492636CE5500FC814F /* Assets.xcassets */,
				927D4C4B2636CE5500FC814F /* LaunchScreen.storyboard */,
				927D4C4E2636CE5500FC814F /* Info.plist */,
			);
			path = iWalkThrough;
			sourceTree = "<group>";
		};
/* End PBXGroup section */

/* Begin PBXNativeTarget section */
		927D4C3C2636CE5300FC814F /* iWalkThrough */ = {
			isa = PBXNativeTarget;
			buildConfigurationList = 927D4C512636CE5500FC814F /* Build configuration list for PBXNativeTarget "iWalkThrough" */;
			buildPhases = (
				927D4C392636CE5300FC814F /* Sources */,
				927D4C3A2636CE5300FC814F /* Frameworks */,
				927D4C3B2636CE5300FC814F /* Resources */,
			);
			buildRules = (
			);
			dependencies = (
			);
			name = iWalkThrough;
			productName = iWalkThrough;
			productReference = 927D4C3D2636CE5300FC814F /* iWalkThrough.app */;
			productType = "com.apple.product-type.application";
		};
/* End PBXNativeTarget section */

/* Begin PBXProject section */
		927D4C352636CE5300FC814F /* Project object */ = {
			isa = PBXProject;
			attributes = {
				LastSwiftUpdateCheck = 1240;
				LastUpgradeCheck = 1240;
				TargetAttributes = {
					927D4C3C2636CE5300FC814F = {
						CreatedOnToolsVersion = 12.4;
					};
				};
			};
			buildConfigurationList = 927D4C382636CE5300FC814F /* Build configuration list for PBXProject "iWalkThrough" */;
			compatibilityVersion = "Xcode 9.3";
			developmentRegion = en;
			hasScannedForEncodings = 0;
			knownRegions = (
				en,
				Base,
			);
			mainGroup = 927D4C342636CE5300FC814F;
			productRefGroup = 927D4C3E2636CE5300FC814F /* Products */;
			projectDirPath = "";
			projectRoot = "";
			targets = (
				927D4C3C2636CE5300FC814F /* iWalkThrough */,
			);
		};
/* End PBXProject section */

/* Begin PBXResourcesBuildPhase section */
		927D4C3B2636CE5300FC814F /* Resources */ = {
			isa = PBXResourcesBuildPhase;
			buildActionMask = 2147483647;
			files = (
				927D4C4D2636CE5500FC814F /* LaunchScreen.storyboard in Resources */,
				927D4C4A2636CE5500FC814F /* Assets.xcassets in Resources */,
				927D4C482636CE5300FC814F /* Main.storyboard in Resources */,
			);
			runOnlyForDeploymentPostprocessing = 0;
		};
/* End PBXResourcesBuildPhase section */

/* Begin PBXSourcesBuildPhase section */
		927D4C392636CE5300FC814F /* Sources */ = {
			isa = PBXSourcesBuildPhase;
			buildActionMask = 2147483647;
			files = (
				927D4C452636CE5300FC814F /* ViewController.swift in Sources */,
				927D4C562636CEA400FC814F /* WalkThroughViewController.swift in Sources */,
				927D4C412636CE5300FC814F /* AppDelegate.swift in Sources */,
				927D4C432636CE5300FC814F /* SceneDelegate.swift in Sources */,
			);
			runOnlyForDeploymentPostprocessing = 0;
		};
/* End PBXSourcesBuildPhase section */

/* Begin PBXVariantGroup section */
		927D4C462636CE5300FC814F /* Main.storyboard */ = {
			isa = PBXVariantGroup;
			children = (
				927D4C472636CE5300FC814F /* Base */,
			);
			name = Main.storyboard;
			sourceTree = "<group>";
		};
		927D4C4B2636CE5500FC814F /* LaunchScreen.storyboard */ = {
			isa = PBXVariantGroup;
			children = (
				927D4C4C2636CE5500FC814F /* Base */,
			);
			name = LaunchScreen.storyboard;
			sourceTree = "<group>";
		};
/* End PBXVariantGroup section */

/* Begin XCBuildConfiguration section */
		927D4C4F2636CE5500FC814F /* Debug */ = {
			isa = XCBuildConfiguration;
			buildSettings = {
				ALWAYS_SEARCH_USER_PATHS = NO;
				CLANG_ANALYZER_NONNULL = YES;
				CLANG_ANALYZER_NUMBER_OBJECT_CONVERSION = YES_AGGRESSIVE;
				CLANG_CXX_LANGUAGE_STANDARD = "gnu++14";
				CLANG_CXX_LIBRARY = "libc++";
				CLANG_ENABLE_MODULES = YES;
				CLANG_ENABLE_OBJC_ARC = YES;
				CLANG_ENABLE_OBJC_WEAK = YES;
				CLANG_WARN_BLOCK_CAPTURE_AUTORELEASING = YES;
				CLANG_WARN_BOOL_CONVERSION = YES;
				CLANG_WARN_COMMA = YES;
				CLANG_WARN_CONSTANT_CONVERSION = YES;
				CLANG_WARN_DEPRECATED_OBJC_IMPLEMENTATIONS = YES;
				CLANG_WARN_DIRECT_OBJC_ISA_USAGE = YES_ERROR;
				CLANG_WARN_DOCUMENTATION_COMMENTS = YES;
				CLANG_WARN_EMPTY_BODY = YES;
				CLANG_WARN_ENUM_CONVERSION = YES;
				CLANG_WARN_INFINITE_RECURSION = YES;
				CLANG_WARN_INT_CONVERSION = YES;
				CLANG_WARN_NON_LITERAL_NULL_CONVERSION = YES;
				CLANG_WARN_OBJC_IMPLICIT_RETAIN_SELF = YES;
				CLANG_WARN_OBJC_LITERAL_CONVERSION = YES;
				CLANG_WARN_OBJC_ROOT_CLASS = YES_ERROR;
				CLANG_WARN_QUOTED_INCLUDE_IN_FRAMEWORK_HEADER = YES;
				CLANG_WARN_RANGE_LOOP_ANALYSIS = YES;
				CLANG_WARN_STRICT_PROTOTYPES = YES;
				CLANG_WARN_SUSPICIOUS_MOVE = YES;
				CLANG_WARN_UNGUARDED_AVAILABILITY = YES_AGGRESSIVE;
				CLANG_WARN_UNREACHABLE_CODE = YES;
				CLANG_WARN__DUPLICATE_METHOD_MATCH = YES;
				COPY_PHASE_STRIP = NO;
				DEBUG_INFORMATION_FORMAT = dwarf;
				ENABLE_STRICT_OBJC_MSGSEND = YES;
				ENABLE_TESTABILITY = YES;
				GCC_C_LANGUAGE_STANDARD = gnu11;
				GCC_DYNAMIC_NO_PIC = NO;
				GCC_NO_COMMON_BLOCKS = YES;
				GCC_OPTIMIZATION_LEVEL = 0;
				GCC_PREPROCESSOR_DEFINITIONS = (
					"DEBUG=1",
					"$(inherited)",
				);
				GCC_WARN_64_TO_32_BIT_CONVERSION = YES;
				GCC_WARN_ABOUT_RETURN_TYPE = YES_ERROR;
				GCC_WARN_UNDECLARED_SELECTOR = YES;
				GCC_WARN_UNINITIALIZED_AUTOS = YES_AGGRESSIVE;
				GCC_WARN_UNUSED_FUNCTION = YES;
				GCC_WARN_UNUSED_VARIABLE = YES;
				IPHONEOS_DEPLOYMENT_TARGET = 14.4;
				MTL_ENABLE_DEBUG_INFO = INCLUDE_SOURCE;
				MTL_FAST_MATH = YES;
				ONLY_ACTIVE_ARCH = YES;
				SDKROOT = iphoneos;
				SWIFT_ACTIVE_COMPILATION_CONDITIONS = DEBUG;
				SWIFT_OPTIMIZATION_LEVEL = "-Onone";
			};
			name = Debug;
		};
		927D4C502636CE5500FC814F /* Release */ = {
			isa = XCBuildConfiguration;
			buildSettings = {
				ALWAYS_SEARCH_USER_PATHS = NO;
				CLANG_ANALYZER_NONNULL = YES;
				CLANG_ANALYZER_NUMBER_OBJECT_CONVERSION = YES_AGGRESSIVE;
				CLANG_CXX_LANGUAGE_STANDARD = "gnu++14";
				CLANG_CXX_LIBRARY = "libc++";
				CLANG_ENABLE_MODULES = YES;
				CLANG_ENABLE_OBJC_ARC = YES;
				CLANG_ENABLE_OBJC_WEAK = YES;
				CLANG_WARN_BLOCK_CAPTURE_AUTORELEASING = YES;
				CLANG_WARN_BOOL_CONVERSION = YES;
				CLANG_WARN_COMMA = YES;
				CLANG_WARN_CONSTANT_CONVERSION = YES;
				CLANG_WARN_DEPRECATED_OBJC_IMPLEMENTATIONS = YES;
				CLANG_WARN_DIRECT_OBJC_ISA_USAGE = YES_ERROR;
				CLANG_WARN_DOCUMENTATION_COMMENTS = YES;
				CLANG_WARN_EMPTY_BODY = YES;
				CLANG_WARN_ENUM_CONVERSION = YES;
				CLANG_WARN_INFINITE_RECURSION = YES;
				CLANG_WARN_INT_CONVERSION = YES;
				CLANG_WARN_NON_LITERAL_NULL_CONVERSION = YES;
				CLANG_WARN_OBJC_IMPLICIT_RETAIN_SELF = YES;
				CLANG_WARN_OBJC_LITERAL_CONVERSION = YES;
				CLANG_WARN_OBJC_ROOT_CLASS = YES_ERROR;
				CLANG_WARN_QUOTED_INCLUDE_IN_FRAMEWORK_HEADER = YES;
				CLANG_WARN_RANGE_LOOP_ANALYSIS = YES;
				CLANG_WARN_STRICT_PROTOTYPES = YES;
				CLANG_WARN_SUSPICIOUS_MOVE = YES;
				CLANG_WARN_UNGUARDED_AVAILABILITY = YES_AGGRESSIVE;
				CLANG_WARN_UNREACHABLE_CODE = YES;
				CLANG_WARN__DUPLICATE_METHOD_MATCH = YES;
				COPY_PHASE_STRIP = NO;
				DEBUG_INFORMATION_FORMAT = "dwarf-with-dsym";
				ENABLE_NS_ASSERTIONS = NO;
				ENABLE_STRICT_OBJC_MSGSEND = YES;
				GCC_C_LANGUAGE_STANDARD = gnu11;
				GCC_NO_COMMON_BLOCKS = YES;
				GCC_WARN_64_TO_32_BIT_CONVERSION = YES;
				GCC_WARN_ABOUT_RETURN_TYPE = YES_ERROR;
				GCC_WARN_UNDECLARED_SELECTOR = YES;
				GCC_WARN_UNINITIALIZED_AUTOS = YES_AGGRESSIVE;
				GCC_WARN_UNUSED_FUNCTION = YES;
				GCC_WARN_UNUSED_VARIABLE = YES;
				IPHONEOS_DEPLOYMENT_TARGET = 14.4;
				MTL_ENABLE_DEBUG_INFO = NO;
				MTL_FAST_MATH = YES;
				SDKROOT = iphoneos;
				SWIFT_COMPILATION_MODE = wholemodule;
				SWIFT_OPTIMIZATION_LEVEL = "-O";
				VALIDATE_PRODUCT = YES;
			};
			name = Release;
		};
		927D4C522636CE5500FC814F /* Debug */ = {
			isa = XCBuildConfiguration;
			buildSettings = {
				ASSETCATALOG_COMPILER_APPICON_NAME = AppIcon;
				ASSETCATALOG_COMPILER_GLOBAL_ACCENT_COLOR_NAME = AccentColor;
				CODE_SIGN_STYLE = Automatic;
				DEVELOPMENT_TEAM = KA23B6A3N5;
				INFOPLIST_FILE = iWalkThrough/Info.plist;
				LD_RUNPATH_SEARCH_PATHS = (
					"$(inherited)",
					"@executable_path/Frameworks",
				);
				PRODUCT_BUNDLE_IDENTIFIER = com.iwalkthrough.iWalkThrough;
				PRODUCT_NAME = "$(TARGET_NAME)";
				SWIFT_VERSION = 5.0;
				TARGETED_DEVICE_FAMILY = "1,2";
			};
			name = Debug;
		};
		927D4C532636CE5500FC814F /* Release */ = {
			isa = XCBuildConfiguration;
			buildSettings = {
				ASSETCATALOG_COMPILER_APPICON_NAME = AppIcon;
				ASSETCATALOG_COMPILER_GLOBAL_ACCENT_COLOR_NAME = AccentColor;
				CODE_SIGN_STYLE = Automatic;
				DEVELOPMENT_TEAM = KA23B6A3N5;
				INFOPLIST_FILE = iWalkThrough/Info.plist;
				LD_RUNPATH_SEARCH_PATHS = (
					"$(inherited)",
					"@executable_path/Frameworks",
				);
				PRODUCT_BUNDLE_IDENTIFIER = com.iwalkthrough.iWalkThrough;
				PRODUCT_NAME = "$(TARGET_NAME)";
				SWIFT_VERSION = 5.0;
				TARGETED_DEVICE_FAMILY = "1,2";
			};
			name = Release;
		};
/* End XCBuildConfiguration section */

/* Begin XCConfigurationList section */
		927D4C382636CE5300FC814F /* Build configuration list for PBXProject "iWalkThrough" */ = {
			isa = XCConfigurationList;
			buildConfigurations = (
				927D4C4F2636CE5500FC814F /* Debug */,
				927D4C502636CE5500FC814F /* Release */,
			);
			defaultConfigurationIsVisible = 0;
			defaultConfigurationName = Release;
		};
		927D4C512636CE5500FC814F /* Build configuration list for PBXNativeTarget "iWalkThrough" */ = {
			isa = XCConfigurationList;
			buildConfigurations = (
				927D4C522636CE5500FC814F /* Debug */,
				927D4C532636CE5500FC814F /* Release */,
			);
			defaultConfigurationIsVisible = 0;
			defaultConfigurationName = Release;
		};
/* End XCConfigurationList section */
	};
	rootObject = 927D4C352636CE5300FC814F /* Project object */;
}
